{
  "name": "voxel-demo-ai",
  "version": "1.0.0",
  "lockfileVersion": 3,
  "requires": true,
  "packages": {
    "": {
      "name": "voxel-demo-ai",
      "version": "1.0.0",
      "dependencies": {
        "@jolly-pixel/engine": "^5.1.0",
        "@jolly-pixel/runtime": "^5.1.0",
        "@jolly-pixel/voxel.renderer": "^5.0.0",
        "three": "^0.186.0"
      }
    },
    "node_modules/@jolly-pixel/asset": {
      "version": "2.0.0",
      "resolved": "https://registry.npmjs.org/@jolly-pixel/asset/-/asset-2.0.0.tgz",
      "integrity": "sha512-rgDP2feaDyzXrQU9Pncm7nmo2rz2jEJY1Zcgroe5ZvWeiVIph2L6k28QFk1ILh1IfpI0zvfuJXjSpQoh/CGzoQ==",
      "license": "MIT"
    },
    "node_modules/@jolly-pixel/color": {
      "version": "1.1.0",
      "resolved": "https://registry.npmjs.org/@jolly-pixel/color/-/color-1.1.0.tgz",
      "integrity": "sha512-z/NnNOR6/QoF+vi/POWSlM3a9eiDYDZivNQ7w5+KKZ3v/1+wVpI0Tny0KCMEpAtX3Ykx3gshEGhkdzTBDbjaXQ==",
      "license": "MIT"
    },
    "node_modules/@jolly-pixel/controls": {
      "version": "2.1.0",
      "resolved": "https://registry.npmjs.org/@jolly-pixel/controls/-/controls-2.1.0.tgz",
      "integrity": "sha512-P6xzDm6sBM/VxRb2ai9hwmK8afAxL269kJhpqvasxAICq0VMk2ENeFVgIRBmTYuxCxwQqAaKmbdPRvmVAf7CJg==",
      "license": "MIT",
      "dependencies": {
        "@openally/emitt": "1.0.1"
      }
    },
    "node_modules/@jolly-pixel/engine": {
      "version": "5.1.0",
      "resolved": "https://registry.npmjs.org/@jolly-pixel/engine/-/engine-5.1.0.tgz",
      "integrity": "sha512-PakQY2F1R3o3D1dLgiU6UtmoTxqKxc+NCFWmX1CB0ocuYa9xQQnn5U0xzrmV7JTCli0Xqh0Kr9q54CZ4+gP3jA==",
      "license": "MIT",
      "dependencies": {
        "@jolly-pixel/asset": "2.0.0",
        "@jolly-pixel/controls": "2.1.0",
        "@jolly-pixel/loop": "1.0.0",
        "@openally/emitt": "1.0.1",
        "picomatch": "4.0.7",
        "reflect-metadata": "^0.2.2"
      },
      "peerDependencies": {
        "three": "^0.186.0"
      }
    },
    "node_modules/@jolly-pixel/loop": {
      "version": "1.0.0",
      "resolved": "https://registry.npmjs.org/@jolly-pixel/loop/-/loop-1.0.0.tgz",
      "integrity": "sha512-AA6cZFU5WM3IjISIMcYsNhGG1iXUAiMWrw2vfS4Dhuie0xMQtDjOnOWnun23BQXxWq6a8kEyoRpEaiOWroMNqQ==",
      "license": "MIT",
      "dependencies": {
        "@openally/emitt": "1.0.1"
      }
    },
    "node_modules/@jolly-pixel/resize-handle": {
      "version": "1.2.0",
      "resolved": "https://registry.npmjs.org/@jolly-pixel/resize-handle/-/resize-handle-1.2.0.tgz",
      "integrity": "sha512-8X1ciA5CbfC9qc7wAoze0N3MOnmUCNbV7u7rNKhsSjQeD18mIpBjW3tUwg9BPCTGSGvcxZpOcXdr0vezMFNZhA==",
      "license": "MIT"
    },
    "node_modules/@jolly-pixel/runtime": {
      "version": "5.1.0",
      "resolved": "https://registry.npmjs.org/@jolly-pixel/runtime/-/runtime-5.1.0.tgz",
      "integrity": "sha512-eLrfRI82aAn+SuPvN9CfZL24PgEb0YxOQZxGFJwmnL3nNQA+MmcXx8ggTj08q3WkYGTEw0QfGsdENCtQcaH+rg==",
      "license": "MIT",
      "dependencies": {
        "@jolly-pixel/asset": "2.0.0",
        "@jolly-pixel/engine": "5.1.0",
        "@jolly-pixel/loop": "1.0.0",
        "@jolly-pixel/ui": "3.0.0",
        "@pmndrs/detect-gpu": "6.0.20"
      },
      "peerDependencies": {
        "three": "^0.186.0"
      }
    },
    "node_modules/@jolly-pixel/ui": {
      "version": "3.0.0",
      "resolved": "https://registry.npmjs.org/@jolly-pixel/ui/-/ui-3.0.0.tgz",
      "integrity": "sha512-uAbK3WMLuN3g/KrpGVjLnIjZpJfIur1k5/ZANfdJDfNnyFCfL0cbebvX4jFCM6/RtkqsGn4BWLI+KQC2OQSK6w==",
      "license": "MIT",
      "dependencies": {
        "@jolly-pixel/color": "1.1.0",
        "@jolly-pixel/resize-handle": "1.2.0"
      },
      "peerDependencies": {
        "@jolly-pixel/network": "^3.0.0",
        "lit": "^3.3.0"
      },
      "peerDependenciesMeta": {
        "@jolly-pixel/network": {
          "optional": true
        }
      }
    },
    "node_modules/@jolly-pixel/voxel.renderer": {
      "version": "5.0.0",
      "resolved": "https://registry.npmjs.org/@jolly-pixel/voxel.renderer/-/voxel.renderer-5.0.0.tgz",
      "integrity": "sha512-IhFEze3vwWBbPD6lrwI8eT1ciXHGARFb6kSQVdGVQRNtOUNsMhkBtTTJ9+vOSx/ce64lUQgjO2uF/tTKcnFhsg==",
      "license": "MIT",
      "dependencies": {
        "@openally/emitt": "1.0.1",
        "three": "0.186.0"
      },
      "peerDependencies": {
        "@jolly-pixel/asset": "2.0.0",
        "@jolly-pixel/engine": "5.1.0"
      },
      "peerDependenciesMeta": {
        "@jolly-pixel/asset": {
          "optional": true
        },
        "@jolly-pixel/engine": {
          "optional": true
        }
      }
    },
    "node_modules/@lit-labs/ssr-dom-shim": {
      "version": "1.6.0",
      "resolved": "https://registry.npmjs.org/@lit-labs/ssr-dom-shim/-/ssr-dom-shim-1.6.0.tgz",
      "integrity": "sha512-VHb0ALPMTlgKjM6yIxxoQNnpKyUKLD04VzeQdsiXkMqkvYlAHxq9glGLmgbb889/1GsohSOAjvQYoiBppXFqrQ==",
      "license": "BSD-3-Clause",
      "peer": true
    },
    "node_modules/@lit/reactive-element": {
      "version": "2.1.2",
      "resolved": "https://registry.npmjs.org/@lit/reactive-element/-/reactive-element-2.1.2.tgz",
      "integrity": "sha512-pbCDiVMnne1lYUIaYNN5wrwQXDtHaYtg7YEFPeW+hws6U47WeFvISGUWekPGKWOP1ygrs0ef0o1VJMk1exos5A==",
      "license": "BSD-3-Clause",
      "peer": true,
      "dependencies": {
        "@lit-labs/ssr-dom-shim": "^1.5.0"
      }
    },
    "node_modules/@openally/emitt": {
      "version": "1.0.1",
      "resolved": "https://registry.npmjs.org/@openally/emitt/-/emitt-1.0.1.tgz",
      "integrity": "sha512-B1pDyopD+OsZ7twSJHm0vLMcq/Wdl4dgcl3wqprd2iyaObI/TSHaf5e0iRTF14N1EyAJ/YQAsRa5a64OpwNhBg==",
      "license": "MIT",
      "engines": {
        "node": ">=24.x"
      }
    },
    "node_modules/@pmndrs/detect-gpu": {
      "version": "6.0.20",
      "resolved": "https://registry.npmjs.org/@pmndrs/detect-gpu/-/detect-gpu-6.0.20.tgz",
      "integrity": "sha512-XavJbHaxPOMwSjxVUt0zpEzxxDQ2nPu1pqnyrHKqV3CZHFhkUSz9h86NcoyX7ImemqgayyKWyttU8/rMzxJ7Ig==",
      "license": "MIT"
    },
    "node_modules/@types/trusted-types": {
      "version": "2.0.7",
      "resolved": "https://registry.npmjs.org/@types/trusted-types/-/trusted-types-2.0.7.tgz",
      "integrity": "sha512-ScaPdn1dQczgbl0QFTeTOmVHFULt394XJgOQNoyVhZ6r2vLnMLJfBPd53SB52T/3G36VI1/g2MZaX0cwDuXsfw==",
      "license": "MIT",
      "peer": true
    },
    "node_modules/lit": {
      "version": "3.3.3",
      "resolved": "https://registry.npmjs.org/lit/-/lit-3.3.3.tgz",
      "integrity": "sha512-fycuvZg/hkpozL00lm1pEJH5nN/lr9ZXd6mJI2HSN4+Bzc+LDNdEApJ6HFbPkdFNHLvOplIIuJvxkS4XUxqirw==",
      "license": "BSD-3-Clause",
      "peer": true,
      "dependencies": {
        "@lit/reactive-element": "^2.1.0",
        "lit-element": "^4.2.0",
        "lit-html": "^3.3.0"
      }
    },
    "node_modules/lit-element": {
      "version": "4.2.2",
      "resolved": "https://registry.npmjs.org/lit-element/-/lit-element-4.2.2.tgz",
      "integrity": "sha512-aFKhNToWxoyhkNDmWZwEva2SlQia+jfG0fjIWV//YeTaWrVnOxD89dPKfigCUspXFmjzOEUQpOkejH5Ly6sG0w==",
      "license": "BSD-3-Clause",
      "peer": true,
      "dependencies": {
        "@lit-labs/ssr-dom-shim": "^1.5.0",
        "@lit/reactive-element": "^2.1.0",
        "lit-html": "^3.3.0"
      }
    },
    "node_modules/lit-html": {
      "version": "3.3.3",
      "resolved": "https://registry.npmjs.org/lit-html/-/lit-html-3.3.3.tgz",
      "integrity": "sha512-el8M6jK2o3RXBnrSHX3ZKrsN8zEV63pSExTO1wYJz7QndGYZ8353e2a5PPX+qHe2aGayfnchQmkAojaWAREOIA==",
      "license": "BSD-3-Clause",
      "peer": true,
      "dependencies": {
        "@types/trusted-types": "^2.0.2"
      }
    },
    "node_modules/picomatch": {
      "version": "4.0.7",
      "resolved": "https://registry.npmjs.org/picomatch/-/picomatch-4.0.7.tgz",
      "integrity": "sha512-qcJu88Q2IWqJsDD529JKMdwGm/dvInW4HvQnRwiH9JtihJvzGOscDtHE3x1pBKeUOTysQ8kVmLnJ2kJu7yhcGA==",
      "license": "MIT",
      "engines": {
        "node": ">=12"
      },
      "funding": {
        "url": "https://github.com/sponsors/jonschlinkert"
      }
    },
    "node_modules/reflect-metadata": {
      "version": "0.2.2",
      "resolved": "https://registry.npmjs.org/reflect-metadata/-/reflect-metadata-0.2.2.tgz",
      "integrity": "sha512-urBwgfrvVP/eAyXx4hluJivBKzuEbSQs9rKWCrCkbSxNv8mxPcUZKeuoF3Uy4mJl3Lwprp6yy5/39VWigZ4K6Q==",
      "license": "Apache-2.0"
    },
    "node_modules/three": {
      "version": "0.186.0",
      "resolved": "https://registry.npmjs.org/three/-/three-0.186.0.tgz",
      "integrity": "sha512-cr/fIM2ddMSVbYVgkfD4jLJv7Fh/8ZTjvo+7gQeSVGUZHxpx9FDwoL5iC7hUz/LiRA8wMbqfnb90xKfm1/HHkQ==",
      "license": "MIT"
    }
  }
}
